
Microsoft Visual Studio Solution File, Format Version 12.00
# Visual Studio 2013
VisualStudioVersion = 12.0.21005.1
MinimumVisualStudioVersion = 10.0.40219.1
Project("{FAE04EC0-301F-11D3-BF4B-00C04F79EFBC}") = "RecruitmentPortal", "RecruitmentPortal\RecruitmentPortal.csproj", "{0D4A4AFE-943B-4827-B911-DF077D74B5F3}"
EndProject
Project("{FAE04EC0-301F-11D3-BF4B-00C04F79EFBC}") = "RecruitmentPortal.Common", "RecruitmentPortal.Common\RecruitmentPortal.Common.csproj", "{79E767DB-37F9-4E1C-9426-B48EDC404AC1}"
EndProject
Global
	GlobalSection(SolutionConfigurationPlatforms) = preSolution
		Debug|Any CPU = Debug|Any CPU
		Release|Any CPU = Release|Any CPU
	EndGlobalSection
	GlobalSection(ProjectConfigurationPlatforms) = postSolution
		{0D4A4AFE-943B-4827-B911-DF077D74B5F3}.Debug|Any CPU.ActiveCfg = Debug|Any CPU
		{0D4A4AFE-943B-4827-B911-DF077D74B5F3}.Debug|Any CPU.Build.0 = Debug|Any CPU
		{0D4A4AFE-943B-4827-B911-DF077D74B5F3}.Release|Any CPU.ActiveCfg = Release|Any CPU
		{0D4A4AFE-943B-4827-B911-DF077D74B5F3}.Release|Any CPU.Build.0 = Release|Any CPU
		{79E767DB-37F9-4E1C-9426-B48EDC404AC1}.Debug|Any CPU.ActiveCfg = Debug|Any CPU
		{79E767DB-37F9-4E1C-9426-B48EDC404AC1}.Debug|Any CPU.Build.0 = Debug|Any CPU
		{79E767DB-37F9-4E1C-9426-B48EDC404AC1}.Release|Any CPU.ActiveCfg = Release|Any CPU
		{79E767DB-37F9-4E1C-9426-B48EDC404AC1}.Release|Any CPU.Build.0 = Release|Any CPU
	EndGlobalSection
	GlobalSection(SolutionProperties) = preSolution
		HideSolutionNode = FALSE
	EndGlobalSection
EndGlobal
